
Microsoft Visual Studio Solution File, Format Version 12.00
# Visual Studio Version 17
VisualStudioVersion = 17.10.35013.160
MinimumVisualStudioVersion = 10.0.40219.1
Project("{FAE04EC0-301F-11D3-BF4B-00C04F79EFBC}") = "PacMan", "PacMan\PacMan.csproj", "{EE9DD15E-51D9-4CE9-B0BE-4E575C59ED8C}"
EndProject
Global
	GlobalSection(SolutionConfigurationPlatforms) = preSolution
		Debug|Any CPU = Debug|Any CPU
		Release|Any CPU = Release|Any CPU
	EndGlobalSection
	GlobalSection(ProjectConfigurationPlatforms) = postSolution
		{EE9DD15E-51D9-4CE9-B0BE-4E575C59ED8C}.Debug|Any CPU.ActiveCfg = Debug|Any CPU
		{EE9DD15E-51D9-4CE9-B0BE-4E575C59ED8C}.Debug|Any CPU.Build.0 = Debug|Any CPU
		{EE9DD15E-51D9-4CE9-B0BE-4E575C59ED8C}.Release|Any CPU.ActiveCfg = Release|Any CPU
		{EE9DD15E-51D9-4CE9-B0BE-4E575C59ED8C}.Release|Any CPU.Build.0 = Release|Any CPU
	EndGlobalSection
	GlobalSection(SolutionProperties) = preSolution
		HideSolutionNode = FALSE
	EndGlobalSection
	GlobalSection(ExtensibilityGlobals) = postSolution
		SolutionGuid = {354F9FE2-721C-4C5E-AD7F-1F876601A292}
	EndGlobalSection
EndGlobal
